Microsoft Visual Studio Solution File, Format Version 11.00
# Visual Studio 2008

Project("{00836A32-EC2D-6F5D-AF34-AECE1AEE17BF}") = "BotAction", "Assembly-CSharp.csproj", "{5A12519A-A381-286A-FC5B-E04E6B2BA16B}"
EndProject
Global
	GlobalSection(SolutionConfigurationPlatforms) = preSolution
		Debug|Any CPU = Debug|Any CPU
		Release|Any CPU = Release|Any CPU
	EndGlobalSection
	GlobalSection(ProjectConfigurationPlatforms) = postSolution
		{5A12519A-A381-286A-FC5B-E04E6B2BA16B}.Debug|Any CPU.ActiveCfg = Debug|Any CPU
		{5A12519A-A381-286A-FC5B-E04E6B2BA16B}.Debug|Any CPU.Build.0 = Debug|Any CPU
		{5A12519A-A381-286A-FC5B-E04E6B2BA16B}.Release|Any CPU.ActiveCfg = Release|Any CPU
		{5A12519A-A381-286A-FC5B-E04E6B2BA16B}.Release|Any CPU.Build.0 = Release|Any CPU
	EndGlobalSection
	GlobalSection(SolutionProperties) = preSolution
		HideSolutionNode = FALSE
	EndGlobalSection
	GlobalSection(MonoDevelopProperties) = preSolution
		StartupItem = Assembly-CSharp.csproj
	EndGlobalSection
EndGlobal
